
Microsoft Visual Studio Solution File, Format Version 12.00
# Visual Studio Version 17
VisualStudioVersion = 17.3.32929.385
MinimumVisualStudioVersion = 10.0.40219.1
Project("{FAE04EC0-301F-11D3-BF4B-00C04F79EFBC}") = "trigger", "trigger\trigger.csproj", "{6E13247A-7F27-403F-B85E-88DDC52FFEC1}"
EndProject
Global
	GlobalSection(SolutionConfigurationPlatforms) = preSolution
		Debug|Any CPU = Debug|Any CPU
		Release|Any CPU = Release|Any CPU
	EndGlobalSection
	GlobalSection(ProjectConfigurationPlatforms) = postSolution
		{6E13247A-7F27-403F-B85E-88DDC52FFEC1}.Debug|Any CPU.ActiveCfg = Debug|Any CPU
		{6E13247A-7F27-403F-B85E-88DDC52FFEC1}.Debug|Any CPU.Build.0 = Debug|Any CPU
		{6E13247A-7F27-403F-B85E-88DDC52FFEC1}.Release|Any CPU.ActiveCfg = Release|Any CPU
		{6E13247A-7F27-403F-B85E-88DDC52FFEC1}.Release|Any CPU.Build.0 = Release|Any CPU
	EndGlobalSection
	GlobalSection(SolutionProperties) = preSolution
		HideSolutionNode = FALSE
	EndGlobalSection
	GlobalSection(ExtensibilityGlobals) = postSolution
		SolutionGuid = {DC23E2CD-2CC3-42BF-B274-5D6F3070C2C6}
	EndGlobalSection
EndGlobal
